
Microsoft Visual Studio Solution File, Format Version 11.00
# Visual C++ Express 2010
Project("{8BC9CEB8-8B4A-11D0-8D11-00A0C91BC942}") = "Parabola", "Parabola.vcxproj", "{377ECCB3-70C3-44A7-A8C8-691782C81C10}"
EndProject
Global
	GlobalSection(SolutionConfigurationPlatforms) = preSolution
		Debug|Win32 = Debug|Win32
		Release|Win32 = Release|Win32
	EndGlobalSection
	GlobalSection(ProjectConfigurationPlatforms) = postSolution
		{377ECCB3-70C3-44A7-A8C8-691782C81C10}.Debug|Win32.ActiveCfg = Debug|Win32
		{377ECCB3-70C3-44A7-A8C8-691782C81C10}.Debug|Win32.Build.0 = Debug|Win32
		{377ECCB3-70C3-44A7-A8C8-691782C81C10}.Release|Win32.ActiveCfg = Release|Win32
		{377ECCB3-70C3-44A7-A8C8-691782C81C10}.Release|Win32.Build.0 = Release|Win32
	EndGlobalSection
	GlobalSection(SolutionProperties) = preSolution
		HideSolutionNode = FALSE
	EndGlobalSection
EndGlobal
